
Microsoft Visual Studio Solution File, Format Version 12.00
# Visual Studio Version 16
VisualStudioVersion = 16.0.31019.35
MinimumVisualStudioVersion = 10.0.40219.1
Project("{FAE04EC0-301F-11D3-BF4B-00C04F79EFBC}") = "CsUWPApp01", "CsUWPApp01\CsUWPApp01.csproj", "{95DBF5C8-91F7-45DB-8E35-BB3628C76DFD}"
EndProject
Project("{2150E333-8FDC-42A3-9474-1A3956D46DE8}") = "Solution Items", "Solution Items", "{DBB8CA58-7391-458C-A882-7BE3FA0DD06A}"
	ProjectSection(SolutionItems) = preProject
		XMLFile1.xml = XMLFile1.xml
	EndProjectSection
EndProject
Global
	GlobalSection(SolutionConfigurationPlatforms) = preSolution
		Debug|ARM = Debug|ARM
		Debug|ARM64 = Debug|ARM64
		Debug|x64 = Debug|x64
		Debug|x86 = Debug|x86
		Release|ARM = Release|ARM
		Release|ARM64 = Release|ARM64
		Release|x64 = Release|x64
		Release|x86 = Release|x86
	EndGlobalSection
	GlobalSection(ProjectConfigurationPlatforms) = postSolution
		{95DBF5C8-91F7-45DB-8E35-BB3628C76DFD}.Debug|ARM.ActiveCfg = Debug|ARM
		{95DBF5C8-91F7-45DB-8E35-BB3628C76DFD}.Debug|ARM.Build.0 = Debug|ARM
		{95DBF5C8-91F7-45DB-8E35-BB3628C76DFD}.Debug|ARM.Deploy.0 = Debug|ARM
		{95DBF5C8-91F7-45DB-8E35-BB3628C76DFD}.Debug|ARM64.ActiveCfg = Debug|ARM64
		{95DBF5C8-91F7-45DB-8E35-BB3628C76DFD}.Debug|ARM64.Build.0 = Debug|ARM64
		{95DBF5C8-91F7-45DB-8E35-BB3628C76DFD}.Debug|ARM64.Deploy.0 = Debug|ARM64
		{95DBF5C8-91F7-45DB-8E35-BB3628C76DFD}.Debug|x64.ActiveCfg = Debug|x64
		{95DBF5C8-91F7-45DB-8E35-BB3628C76DFD}.Debug|x64.Build.0 = Debug|x64
		{95DBF5C8-91F7-45DB-8E35-BB3628C76DFD}.Debug|x64.Deploy.0 = Debug|x64
		{95DBF5C8-91F7-45DB-8E35-BB3628C76DFD}.Debug|x86.ActiveCfg = Debug|x86
		{95DBF5C8-91F7-45DB-8E35-BB3628C76DFD}.Debug|x86.Build.0 = Debug|x86
		{95DBF5C8-91F7-45DB-8E35-BB3628C76DFD}.Debug|x86.Deploy.0 = Debug|x86
		{95DBF5C8-91F7-45DB-8E35-BB3628C76DFD}.Release|ARM.ActiveCfg = Release|ARM
		{95DBF5C8-91F7-45DB-8E35-BB3628C76DFD}.Release|ARM.Build.0 = Release|ARM
		{95DBF5C8-91F7-45DB-8E35-BB3628C76DFD}.Release|ARM.Deploy.0 = Release|ARM
		{95DBF5C8-91F7-45DB-8E35-BB3628C76DFD}.Release|ARM64.ActiveCfg = Release|ARM64
		{95DBF5C8-91F7-45DB-8E35-BB3628C76DFD}.Release|ARM64.Build.0 = Release|ARM64
		{95DBF5C8-91F7-45DB-8E35-BB3628C76DFD}.Release|ARM64.Deploy.0 = Release|ARM64
		{95DBF5C8-91F7-45DB-8E35-BB3628C76DFD}.Release|x64.ActiveCfg = Release|x64
		{95DBF5C8-91F7-45DB-8E35-BB3628C76DFD}.Release|x64.Build.0 = Release|x64
		{95DBF5C8-91F7-45DB-8E35-BB3628C76DFD}.Release|x64.Deploy.0 = Release|x64
		{95DBF5C8-91F7-45DB-8E35-BB3628C76DFD}.Release|x86.ActiveCfg = Release|x86
		{95DBF5C8-91F7-45DB-8E35-BB3628C76DFD}.Release|x86.Build.0 = Release|x86
		{95DBF5C8-91F7-45DB-8E35-BB3628C76DFD}.Release|x86.Deploy.0 = Release|x86
	EndGlobalSection
	GlobalSection(SolutionProperties) = preSolution
		HideSolutionNode = FALSE
	EndGlobalSection
	GlobalSection(ExtensibilityGlobals) = postSolution
		SolutionGuid = {9FA488C9-A3DE-4CA4-8EC1-0B0FD90DD181}
	EndGlobalSection
EndGlobal
